
Microsoft Visual Studio Solution File, Format Version 12.00
# Visual Studio Version 17
VisualStudioVersion = 17.7.34031.279
MinimumVisualStudioVersion = 10.0.40219.1
Project("{9A19103F-16F7-4668-BE54-9A1E7A4F7556}") = "EscalaTrabalho.UI.Web", "EscalaTrabalho.UI.Web\EscalaTrabalho.UI.Web.csproj", "{2DF5A937-9A71-469D-9145-1EAE6A626DFC}"
EndProject
Project("{9A19103F-16F7-4668-BE54-9A1E7A4F7556}") = "EscalaTrabalho.Model", "EscalaTrabalho.Model\EscalaTrabalho.Model.csproj", "{7B9456D0-651D-489E-B565-F4C7BF803132}"
EndProject
Project("{FAE04EC0-301F-11D3-BF4B-00C04F79EFBC}") = "EscalaTrabalho.Services", "EscalaTrabalho.Service\EscalaTrabalho.Services.csproj", "{1709C009-5CBC-4E30-A163-8C1846916EE7}"
EndProject
Global
	GlobalSection(SolutionConfigurationPlatforms) = preSolution
		Debug|Any CPU = Debug|Any CPU
		Release|Any CPU = Release|Any CPU
	EndGlobalSection
	GlobalSection(ProjectConfigurationPlatforms) = postSolution
		{2DF5A937-9A71-469D-9145-1EAE6A626DFC}.Debug|Any CPU.ActiveCfg = Debug|Any CPU
		{2DF5A937-9A71-469D-9145-1EAE6A626DFC}.Debug|Any CPU.Build.0 = Debug|Any CPU
		{2DF5A937-9A71-469D-9145-1EAE6A626DFC}.Release|Any CPU.ActiveCfg = Release|Any CPU
		{2DF5A937-9A71-469D-9145-1EAE6A626DFC}.Release|Any CPU.Build.0 = Release|Any CPU
		{7B9456D0-651D-489E-B565-F4C7BF803132}.Debug|Any CPU.ActiveCfg = Debug|Any CPU
		{7B9456D0-651D-489E-B565-F4C7BF803132}.Debug|Any CPU.Build.0 = Debug|Any CPU
		{7B9456D0-651D-489E-B565-F4C7BF803132}.Release|Any CPU.ActiveCfg = Release|Any CPU
		{7B9456D0-651D-489E-B565-F4C7BF803132}.Release|Any CPU.Build.0 = Release|Any CPU
		{1709C009-5CBC-4E30-A163-8C1846916EE7}.Debug|Any CPU.ActiveCfg = Debug|Any CPU
		{1709C009-5CBC-4E30-A163-8C1846916EE7}.Debug|Any CPU.Build.0 = Debug|Any CPU
		{1709C009-5CBC-4E30-A163-8C1846916EE7}.Release|Any CPU.ActiveCfg = Release|Any CPU
		{1709C009-5CBC-4E30-A163-8C1846916EE7}.Release|Any CPU.Build.0 = Release|Any CPU
	EndGlobalSection
	GlobalSection(SolutionProperties) = preSolution
		HideSolutionNode = FALSE
	EndGlobalSection
	GlobalSection(ExtensibilityGlobals) = postSolution
		SolutionGuid = {10BCE46D-7D5E-4D72-957F-7FB4B0FB6AD6}
	EndGlobalSection
EndGlobal
